# This file is autogenerated, do not edit; changes may be undone by the next 'dep ensure'.


[[projects]]
  digest = "1:edffd8a93e6f5cd1ee6bcb458ef112e8c5edd37ebcd26d4a9bb557e93dadbd97"
  name = "github.com/codegangsta/negroni"
  packages = ["."]
  pruneopts = "UT"
  revision = "c7477ad8e330bef55bf1ebe300cf8aa67c492d1b"

[[projects]]
  digest = "1:f2fb7d77588c2219813bb5d7262e5306915e0f53ffcbb59a8d0bcf518d6b540c"
  name = "github.com/dgrijalva/jwt-go"
  packages = [
    ".",
    "request",
  ]
  pruneopts = "UT"
  revision = "f0777076321ab64f6efc15a82d9d23b98539b943"

[[projects]]
  digest = "1:874ca00e54068a78ce555979489511ec62cd4682bf068134dc4355753827895c"
  name = "github.com/gorilla/context"
  packages = ["."]
  pruneopts = "UT"
  revision = "215affda49addc4c8ef7e2534915df2c8c35c6cd"

[[projects]]
  digest = "1:a6283ced592faaeedc9f622fc7ec96bdcd3e97372457d2bc81b7307bf873ce4c"
  name = "github.com/gorilla/mux"
  packages = ["."]
  pruneopts = "UT"
  revision = "8a875a034c69b940914d83ea03d3f1299b4d094b"

[[projects]]
  digest = "1:81f1dd32641ade86d4a974606a06ae195e34339197727a75c8cb4129ae241d75"
  name = "golang.org/x/crypto"
  packages = [
    "bcrypt",
    "blowfish",
  ]
  pruneopts = "UT"
  revision = "02a186af8b62cb007f392270669b91be5527d39c"

[[projects]]
  digest = "1:b1d163b61b30b151ddfc27df0d4ab8c173f0692f5455ad2a02fb3857a44b597a"
  name = "gopkg.in/mgo.v2"
  packages = [
    ".",
    "bson",
    "internal/sasl",
    "internal/scram",
  ]
  pruneopts = "UT"
  revision = "29cc868a5ca65f401ff318143f9408d02f4799cc"

[solve-meta]
  analyzer-name = "dep"
  analyzer-version = 1
  input-imports = [
    "github.com/codegangsta/negroni",
    "github.com/dgrijalva/jwt-go",
    "github.com/dgrijalva/jwt-go/request",
    "github.com/gorilla/context",
    "github.com/gorilla/mux",
    "golang.org/x/crypto/bcrypt",
    "gopkg.in/mgo.v2",
    "gopkg.in/mgo.v2/bson",
  ]
  solver-name = "gps-cdcl"
  solver-version = 1
